
Microsoft Visual Studio Solution File, Format Version 12.00
# Visual Studio Version 16
VisualStudioVersion = 16.0.31702.278
MinimumVisualStudioVersion = 10.0.40219.1
Project("{FAE04EC0-301F-11D3-BF4B-00C04F79EFBC}") = "DevFreela.API", "DevFreela.API\DevFreela.API.csproj", "{E1352239-6C29-4C49-AD5E-1BACE71379BF}"
EndProject
Global
	GlobalSection(SolutionConfigurationPlatforms) = preSolution
		Debug|Any CPU = Debug|Any CPU
		Release|Any CPU = Release|Any CPU
	EndGlobalSection
	GlobalSection(ProjectConfigurationPlatforms) = postSolution
		{E1352239-6C29-4C49-AD5E-1BACE71379BF}.Debug|Any CPU.ActiveCfg = Debug|Any CPU
		{E1352239-6C29-4C49-AD5E-1BACE71379BF}.Debug|Any CPU.Build.0 = Debug|Any CPU
		{E1352239-6C29-4C49-AD5E-1BACE71379BF}.Release|Any CPU.ActiveCfg = Release|Any CPU
		{E1352239-6C29-4C49-AD5E-1BACE71379BF}.Release|Any CPU.Build.0 = Release|Any CPU
	EndGlobalSection
	GlobalSection(SolutionProperties) = preSolution
		HideSolutionNode = FALSE
	EndGlobalSection
	GlobalSection(ExtensibilityGlobals) = postSolution
		SolutionGuid = {5222797E-C9AF-4B15-A50B-4BFC381CBD99}
	EndGlobalSection
EndGlobal
