
Microsoft Visual Studio Solution File, Format Version 12.00
# Visual Studio Version 16
VisualStudioVersion = 16.0.31702.278
MinimumVisualStudioVersion = 10.0.40219.1
Project("{9A19103F-16F7-4668-BE54-9A1E7A4F7556}") = "DevFreela.API", "DevFreela.API\DevFreela.API.csproj", "{E1352239-6C29-4C49-AD5E-1BACE71379BF}"
EndProject
Project("{9A19103F-16F7-4668-BE54-9A1E7A4F7556}") = "DevFreela.Core", "DevFreela.Core\DevFreela.Core.csproj", "{ECADACD4-D300-4698-8C8F-0CF7E4DA5A35}"
EndProject
Project("{9A19103F-16F7-4668-BE54-9A1E7A4F7556}") = "DevFreela.Infrastructure", "DevFreela.Infrastructure\DevFreela.Infrastructure.csproj", "{56281F17-EA95-4E18-987B-5A9E44D3A582}"
EndProject
Project("{FAE04EC0-301F-11D3-BF4B-00C04F79EFBC}") = "DevFreela.Application", "DevFreela.Application\DevFreela.Application.csproj", "{E40907BD-8BBD-48F7-91F4-0C158D6F1869}"
EndProject
Global
	GlobalSection(SolutionConfigurationPlatforms) = preSolution
		Debug|Any CPU = Debug|Any CPU
		Release|Any CPU = Release|Any CPU
	EndGlobalSection
	GlobalSection(ProjectConfigurationPlatforms) = postSolution
		{E1352239-6C29-4C49-AD5E-1BACE71379BF}.Debug|Any CPU.ActiveCfg = Debug|Any CPU
		{E1352239-6C29-4C49-AD5E-1BACE71379BF}.Debug|Any CPU.Build.0 = Debug|Any CPU
		{E1352239-6C29-4C49-AD5E-1BACE71379BF}.Release|Any CPU.ActiveCfg = Release|Any CPU
		{E1352239-6C29-4C49-AD5E-1BACE71379BF}.Release|Any CPU.Build.0 = Release|Any CPU
		{ECADACD4-D300-4698-8C8F-0CF7E4DA5A35}.Debug|Any CPU.ActiveCfg = Debug|Any CPU
		{ECADACD4-D300-4698-8C8F-0CF7E4DA5A35}.Debug|Any CPU.Build.0 = Debug|Any CPU
		{ECADACD4-D300-4698-8C8F-0CF7E4DA5A35}.Release|Any CPU.ActiveCfg = Release|Any CPU
		{ECADACD4-D300-4698-8C8F-0CF7E4DA5A35}.Release|Any CPU.Build.0 = Release|Any CPU
		{56281F17-EA95-4E18-987B-5A9E44D3A582}.Debug|Any CPU.ActiveCfg = Debug|Any CPU
		{56281F17-EA95-4E18-987B-5A9E44D3A582}.Debug|Any CPU.Build.0 = Debug|Any CPU
		{56281F17-EA95-4E18-987B-5A9E44D3A582}.Release|Any CPU.ActiveCfg = Release|Any CPU
		{56281F17-EA95-4E18-987B-5A9E44D3A582}.Release|Any CPU.Build.0 = Release|Any CPU
		{E40907BD-8BBD-48F7-91F4-0C158D6F1869}.Debug|Any CPU.ActiveCfg = Debug|Any CPU
		{E40907BD-8BBD-48F7-91F4-0C158D6F1869}.Debug|Any CPU.Build.0 = Debug|Any CPU
		{E40907BD-8BBD-48F7-91F4-0C158D6F1869}.Release|Any CPU.ActiveCfg = Release|Any CPU
		{E40907BD-8BBD-48F7-91F4-0C158D6F1869}.Release|Any CPU.Build.0 = Release|Any CPU
	EndGlobalSection
	GlobalSection(SolutionProperties) = preSolution
		HideSolutionNode = FALSE
	EndGlobalSection
	GlobalSection(ExtensibilityGlobals) = postSolution
		SolutionGuid = {5222797E-C9AF-4B15-A50B-4BFC381CBD99}
	EndGlobalSection
EndGlobal
